
Microsoft Visual Studio Solution File, Format Version 12.00
# Visual Studio Version 17
VisualStudioVersion = 17.5.33424.131
MinimumVisualStudioVersion = 10.0.40219.1
Project("{9A19103F-16F7-4668-BE54-9A1E7A4F7556}") = "wiseguy", "wiseguy\wiseguy.csproj", "{9FBA090A-A980-40DB-9C6F-59994352F9DA}"
EndProject
Global
	GlobalSection(SolutionConfigurationPlatforms) = preSolution
		Debug|Any CPU = Debug|Any CPU
		Release|Any CPU = Release|Any CPU
	EndGlobalSection
	GlobalSection(ProjectConfigurationPlatforms) = postSolution
		{9FBA090A-A980-40DB-9C6F-59994352F9DA}.Debug|Any CPU.ActiveCfg = Debug|Any CPU
		{9FBA090A-A980-40DB-9C6F-59994352F9DA}.Debug|Any CPU.Build.0 = Debug|Any CPU
		{9FBA090A-A980-40DB-9C6F-59994352F9DA}.Release|Any CPU.ActiveCfg = Release|Any CPU
		{9FBA090A-A980-40DB-9C6F-59994352F9DA}.Release|Any CPU.Build.0 = Release|Any CPU
	EndGlobalSection
	GlobalSection(SolutionProperties) = preSolution
		HideSolutionNode = FALSE
	EndGlobalSection
	GlobalSection(ExtensibilityGlobals) = postSolution
		SolutionGuid = {9586668F-820F-460A-95CB-5FC64D83AC42}
	EndGlobalSection
EndGlobal
